
Microsoft Visual Studio Solution File, Format Version 12.00
# Visual Studio Version 17
VisualStudioVersion = 17.4.33110.190
MinimumVisualStudioVersion = 10.0.40219.1
Project("{9A19103F-16F7-4668-BE54-9A1E7A4F7556}") = "ShoppingAppUdemy", "ShoppingAppUdemy\ShoppingAppUdemy.csproj", "{DD3F3CFE-2A34-4603-89EC-DA9B1F266F97}"
EndProject
Project("{9A19103F-16F7-4668-BE54-9A1E7A4F7556}") = "Shopping.DataAccess", "Shopping.DataAccess\Shopping.DataAccess.csproj", "{130BA84D-9EEC-470B-AA93-01A41948DD4B}"
EndProject
Project("{9A19103F-16F7-4668-BE54-9A1E7A4F7556}") = "Shopping.Models", "Shopping.Models\Shopping.Models.csproj", "{D22573E3-D39F-47A2-9963-7EA5D28FF2E1}"
EndProject
Project("{9A19103F-16F7-4668-BE54-9A1E7A4F7556}") = "Shopping.Utility", "Shopping.Utility\Shopping.Utility.csproj", "{FC7820AD-CAA2-4D3E-B553-6FA404D8778B}"
EndProject
Global
	GlobalSection(SolutionConfigurationPlatforms) = preSolution
		Debug|Any CPU = Debug|Any CPU
		Release|Any CPU = Release|Any CPU
	EndGlobalSection
	GlobalSection(ProjectConfigurationPlatforms) = postSolution
		{DD3F3CFE-2A34-4603-89EC-DA9B1F266F97}.Debug|Any CPU.ActiveCfg = Debug|Any CPU
		{DD3F3CFE-2A34-4603-89EC-DA9B1F266F97}.Debug|Any CPU.Build.0 = Debug|Any CPU
		{DD3F3CFE-2A34-4603-89EC-DA9B1F266F97}.Release|Any CPU.ActiveCfg = Release|Any CPU
		{DD3F3CFE-2A34-4603-89EC-DA9B1F266F97}.Release|Any CPU.Build.0 = Release|Any CPU
		{130BA84D-9EEC-470B-AA93-01A41948DD4B}.Debug|Any CPU.ActiveCfg = Debug|Any CPU
		{130BA84D-9EEC-470B-AA93-01A41948DD4B}.Debug|Any CPU.Build.0 = Debug|Any CPU
		{130BA84D-9EEC-470B-AA93-01A41948DD4B}.Release|Any CPU.ActiveCfg = Release|Any CPU
		{130BA84D-9EEC-470B-AA93-01A41948DD4B}.Release|Any CPU.Build.0 = Release|Any CPU
		{D22573E3-D39F-47A2-9963-7EA5D28FF2E1}.Debug|Any CPU.ActiveCfg = Debug|Any CPU
		{D22573E3-D39F-47A2-9963-7EA5D28FF2E1}.Debug|Any CPU.Build.0 = Debug|Any CPU
		{D22573E3-D39F-47A2-9963-7EA5D28FF2E1}.Release|Any CPU.ActiveCfg = Release|Any CPU
		{D22573E3-D39F-47A2-9963-7EA5D28FF2E1}.Release|Any CPU.Build.0 = Release|Any CPU
		{FC7820AD-CAA2-4D3E-B553-6FA404D8778B}.Debug|Any CPU.ActiveCfg = Debug|Any CPU
		{FC7820AD-CAA2-4D3E-B553-6FA404D8778B}.Debug|Any CPU.Build.0 = Debug|Any CPU
		{FC7820AD-CAA2-4D3E-B553-6FA404D8778B}.Release|Any CPU.ActiveCfg = Release|Any CPU
		{FC7820AD-CAA2-4D3E-B553-6FA404D8778B}.Release|Any CPU.Build.0 = Release|Any CPU
	EndGlobalSection
	GlobalSection(SolutionProperties) = preSolution
		HideSolutionNode = FALSE
	EndGlobalSection
	GlobalSection(ExtensibilityGlobals) = postSolution
		SolutionGuid = {8B3FC5E5-83B7-45AE-A8A4-B63292A1DADF}
	EndGlobalSection
EndGlobal
